
Microsoft Visual Studio Solution File, Format Version 12.00
Project("{FAE04EC0-301F-11D3-BF4B-00C04F79EFBC}") = "GetTargetCopy", "GetTargetCopy\GetTargetCopy.csproj", "{BA46EFD3-2C97-4B49-8BC0-1D9A23C962FC}"
EndProject
Global
	GlobalSection(SolutionConfigurationPlatforms) = preSolution
		Debug|Any CPU = Debug|Any CPU
		Release|Any CPU = Release|Any CPU
	EndGlobalSection
	GlobalSection(ProjectConfigurationPlatforms) = postSolution
		{BA46EFD3-2C97-4B49-8BC0-1D9A23C962FC}.Debug|Any CPU.ActiveCfg = Debug|Any CPU
		{BA46EFD3-2C97-4B49-8BC0-1D9A23C962FC}.Debug|Any CPU.Build.0 = Debug|Any CPU
		{BA46EFD3-2C97-4B49-8BC0-1D9A23C962FC}.Release|Any CPU.ActiveCfg = Release|Any CPU
		{BA46EFD3-2C97-4B49-8BC0-1D9A23C962FC}.Release|Any CPU.Build.0 = Release|Any CPU
	EndGlobalSection
EndGlobal
